
Microsoft Visual Studio Solution File, Format Version 12.00
Project("{FAE04EC0-301F-11D3-BF4B-00C04F79EFBC}") = "CustomerApi", "CustomerApi.csproj", "{F9F79FBD-A882-4F0A-AA34-F3C396756DD0}"
EndProject
Global
	GlobalSection(SolutionConfigurationPlatforms) = preSolution
		Debug|Any CPU = Debug|Any CPU
		Release|Any CPU = Release|Any CPU
	EndGlobalSection
	GlobalSection(ProjectConfigurationPlatforms) = postSolution
		{F9F79FBD-A882-4F0A-AA34-F3C396756DD0}.Debug|Any CPU.ActiveCfg = Debug|Any CPU
		{F9F79FBD-A882-4F0A-AA34-F3C396756DD0}.Debug|Any CPU.Build.0 = Debug|Any CPU
		{F9F79FBD-A882-4F0A-AA34-F3C396756DD0}.Release|Any CPU.ActiveCfg = Release|Any CPU
		{F9F79FBD-A882-4F0A-AA34-F3C396756DD0}.Release|Any CPU.Build.0 = Release|Any CPU
	EndGlobalSection
EndGlobal
